
Microsoft Visual Studio Solution File, Format Version 12.00
# Visual Studio Version 16
VisualStudioVersion = 16.0.29806.167
MinimumVisualStudioVersion = 15.0.26124.0
Project("{9A19103F-16F7-4668-BE54-9A1E7A4F7556}") = "TextVector", "TextVector\TextVector.csproj", "{8D6356D6-D051-43AC-8C29-0047B6BE897C}"
EndProject
Project("{9A19103F-16F7-4668-BE54-9A1E7A4F7556}") = "TextVector.Tests", "TextVector.Tests\TextVector.Tests.csproj", "{276F8622-5011-4EA8-BC18-8DC399BA41FD}"
EndProject
Project("{2150E333-8FDC-42A3-9474-1A3956D46DE8}") = "Samples", "Samples", "{55CC191F-6779-4C1F-B723-FD59B076AA20}"
	ProjectSection(SolutionItems) = preProject
		Samples\testbox.txt = Samples\testbox.txt
	EndProjectSection
EndProject
Global
	GlobalSection(SolutionConfigurationPlatforms) = preSolution
		Debug|Any CPU = Debug|Any CPU
		Debug|x64 = Debug|x64
		Debug|x86 = Debug|x86
		Release|Any CPU = Release|Any CPU
		Release|x64 = Release|x64
		Release|x86 = Release|x86
	EndGlobalSection
	GlobalSection(ProjectConfigurationPlatforms) = postSolution
		{8D6356D6-D051-43AC-8C29-0047B6BE897C}.Debug|Any CPU.ActiveCfg = Debug|Any CPU
		{8D6356D6-D051-43AC-8C29-0047B6BE897C}.Debug|Any CPU.Build.0 = Debug|Any CPU
		{8D6356D6-D051-43AC-8C29-0047B6BE897C}.Debug|x64.ActiveCfg = Debug|Any CPU
		{8D6356D6-D051-43AC-8C29-0047B6BE897C}.Debug|x64.Build.0 = Debug|Any CPU
		{8D6356D6-D051-43AC-8C29-0047B6BE897C}.Debug|x86.ActiveCfg = Debug|Any CPU
		{8D6356D6-D051-43AC-8C29-0047B6BE897C}.Debug|x86.Build.0 = Debug|Any CPU
		{8D6356D6-D051-43AC-8C29-0047B6BE897C}.Release|Any CPU.ActiveCfg = Release|Any CPU
		{8D6356D6-D051-43AC-8C29-0047B6BE897C}.Release|Any CPU.Build.0 = Release|Any CPU
		{8D6356D6-D051-43AC-8C29-0047B6BE897C}.Release|x64.ActiveCfg = Release|Any CPU
		{8D6356D6-D051-43AC-8C29-0047B6BE897C}.Release|x64.Build.0 = Release|Any CPU
		{8D6356D6-D051-43AC-8C29-0047B6BE897C}.Release|x86.ActiveCfg = Release|Any CPU
		{8D6356D6-D051-43AC-8C29-0047B6BE897C}.Release|x86.Build.0 = Release|Any CPU
		{276F8622-5011-4EA8-BC18-8DC399BA41FD}.Debug|Any CPU.ActiveCfg = Debug|Any CPU
		{276F8622-5011-4EA8-BC18-8DC399BA41FD}.Debug|Any CPU.Build.0 = Debug|Any CPU
		{276F8622-5011-4EA8-BC18-8DC399BA41FD}.Debug|x64.ActiveCfg = Debug|Any CPU
		{276F8622-5011-4EA8-BC18-8DC399BA41FD}.Debug|x64.Build.0 = Debug|Any CPU
		{276F8622-5011-4EA8-BC18-8DC399BA41FD}.Debug|x86.ActiveCfg = Debug|Any CPU
		{276F8622-5011-4EA8-BC18-8DC399BA41FD}.Debug|x86.Build.0 = Debug|Any CPU
		{276F8622-5011-4EA8-BC18-8DC399BA41FD}.Release|Any CPU.ActiveCfg = Release|Any CPU
		{276F8622-5011-4EA8-BC18-8DC399BA41FD}.Release|Any CPU.Build.0 = Release|Any CPU
		{276F8622-5011-4EA8-BC18-8DC399BA41FD}.Release|x64.ActiveCfg = Release|Any CPU
		{276F8622-5011-4EA8-BC18-8DC399BA41FD}.Release|x64.Build.0 = Release|Any CPU
		{276F8622-5011-4EA8-BC18-8DC399BA41FD}.Release|x86.ActiveCfg = Release|Any CPU
		{276F8622-5011-4EA8-BC18-8DC399BA41FD}.Release|x86.Build.0 = Release|Any CPU
	EndGlobalSection
	GlobalSection(SolutionProperties) = preSolution
		HideSolutionNode = FALSE
	EndGlobalSection
	GlobalSection(ExtensibilityGlobals) = postSolution
		SolutionGuid = {11AF150E-268A-4E10-B236-CAE6615E33D5}
	EndGlobalSection
EndGlobal
